// !$*UTF8*$!
{
	archiveVersion = 1;
	classes = {
	};
	objectVersion = 50;
	objects = {

/* Begin PBXBuildFile section */
		CB167526218BDB42002D0203 /* Person.swift in Sources */ = {isa = PBXBuildFile; fileRef = CB167525218BDB42002D0203 /* Person.swift */; };
		CB57799E218AFD2D00234157 /* AppDelegate.swift in Sources */ = {isa = PBXBuildFile; fileRef = CB57799D218AFD2D00234157 /* AppDelegate.swift */; };
		CB5779A3218AFD2D00234157 /* Main.storyboard in Resources */ = {isa = PBXBuildFile; fileRef = CB5779A1218AFD2D00234157 /* Main.storyboard */; };
		CB5779A5218AFD3000234157 /* Assets.xcassets in Resources */ = {isa = PBXBuildFile; fileRef = CB5779A4218AFD3000234157 /* Assets.xcassets */; };
		CB5779A8218AFD3000234157 /* LaunchScreen.storyboard in Resources */ = {isa = PBXBuildFile; fileRef = CB5779A6218AFD3000234157 /* LaunchScreen.storyboard */; };
		CB5779B3218AFD3000234157 /* SwiftStudyProjectTests.swift in Sources */ = {isa = PBXBuildFile; fileRef = CB5779B2218AFD3000234157 /* SwiftStudyProjectTests.swift */; };
		CB5779BE218AFD3000234157 /* SwiftStudyProjectUITests.swift in Sources */ = {isa = PBXBuildFile; fileRef = CB5779BD218AFD3000234157 /* SwiftStudyProjectUITests.swift */; };
		CBBD9B7C226FFA890001C6A9 /* ClassInitViewController.swift in Sources */ = {isa = PBXBuildFile; fileRef = CBBD9B7B226FFA890001C6A9 /* ClassInitViewController.swift */; };
		CBBD9B7E226FFA990001C6A9 /* ClassDeinitViewController.swift in Sources */ = {isa = PBXBuildFile; fileRef = CBBD9B7D226FFA990001C6A9 /* ClassDeinitViewController.swift */; };
		CBBD9B82226FFB430001C6A9 /* Student.swift in Sources */ = {isa = PBXBuildFile; fileRef = CBBD9B81226FFB430001C6A9 /* Student.swift */; };
		CBBD9B84226FFCBF0001C6A9 /* DBClass.swift in Sources */ = {isa = PBXBuildFile; fileRef = CBBD9B83226FFCBF0001C6A9 /* DBClass.swift */; };
		CBBD9B86226FFF650001C6A9 /* PropertyViewController.swift in Sources */ = {isa = PBXBuildFile; fileRef = CBBD9B85226FFF650001C6A9 /* PropertyViewController.swift */; };
		CBBD9B88227010B80001C6A9 /* StaticViewController.swift in Sources */ = {isa = PBXBuildFile; fileRef = CBBD9B87227010B80001C6A9 /* StaticViewController.swift */; };
		CBBD9B8A22703A260001C6A9 /* ClassPropertyViewController.swift in Sources */ = {isa = PBXBuildFile; fileRef = CBBD9B8922703A260001C6A9 /* ClassPropertyViewController.swift */; };
		CBBD9B8C22703E7D0001C6A9 /* SubStringViewController.swift in Sources */ = {isa = PBXBuildFile; fileRef = CBBD9B8B22703E7D0001C6A9 /* SubStringViewController.swift */; };
		CBBD9B8E22703E970001C6A9 /* SubString.swift in Sources */ = {isa = PBXBuildFile; fileRef = CBBD9B8D22703E970001C6A9 /* SubString.swift */; };
		CBBD9B902270481F0001C6A9 /* VisitModifierViewController.swift in Sources */ = {isa = PBXBuildFile; fileRef = CBBD9B8F2270481F0001C6A9 /* VisitModifierViewController.swift */; };
		CBBD9B9222704B160001C6A9 /* ExtensionViewController.swift in Sources */ = {isa = PBXBuildFile; fileRef = CBBD9B9122704B160001C6A9 /* ExtensionViewController.swift */; };
		CBBD9B9422704FB10001C6A9 /* ProtocolViewController.swift in Sources */ = {isa = PBXBuildFile; fileRef = CBBD9B9322704FB10001C6A9 /* ProtocolViewController.swift */; };
		CBBD9B98227058560001C6A9 /* FileViewController.swift in Sources */ = {isa = PBXBuildFile; fileRef = CBBD9B97227058560001C6A9 /* FileViewController.swift */; };
		CBBE7A3F226EF06300C20709 /* DictionaryDataTypesViewController.swift in Sources */ = {isa = PBXBuildFile; fileRef = CBBE7A3E226EF06300C20709 /* DictionaryDataTypesViewController.swift */; };
		CBBE7A41226EF0C100C20709 /* StructDataTypesViewController.swift in Sources */ = {isa = PBXBuildFile; fileRef = CBBE7A40226EF0C100C20709 /* StructDataTypesViewController.swift */; };
		CBBE7A43226EF0DF00C20709 /* EnumDataTypesViewController.swift in Sources */ = {isa = PBXBuildFile; fileRef = CBBE7A42226EF0DF00C20709 /* EnumDataTypesViewController.swift */; };
		CBBE7A45226EF33500C20709 /* ArrayDataTypesViewController.swift in Sources */ = {isa = PBXBuildFile; fileRef = CBBE7A44226EF33500C20709 /* ArrayDataTypesViewController.swift */; };
		CBBE7A49226F04C000C20709 /* IfSwitchViewController.swift in Sources */ = {isa = PBXBuildFile; fileRef = CBBE7A48226F04C000C20709 /* IfSwitchViewController.swift */; };
		CBBE7A4B226F063C00C20709 /* ForViewController.swift in Sources */ = {isa = PBXBuildFile; fileRef = CBBE7A4A226F063C00C20709 /* ForViewController.swift */; };
		CBBE7A4D226F141100C20709 /* FunctionViewController.swift in Sources */ = {isa = PBXBuildFile; fileRef = CBBE7A4C226F141100C20709 /* FunctionViewController.swift */; };
		CBCB2C1B22684D4C00A6398D /* WechatViewData.plist in Resources */ = {isa = PBXBuildFile; fileRef = CBCB2C1A22684D4C00A6398D /* WechatViewData.plist */; };
		CBCB2C1D2268521000A6398D /* RandomViewController.swift in Sources */ = {isa = PBXBuildFile; fileRef = CBCB2C1C2268521000A6398D /* RandomViewController.swift */; };
		CBCB2C1F2268549E00A6398D /* IntervalOperatorViewController.swift in Sources */ = {isa = PBXBuildFile; fileRef = CBCB2C1E2268549E00A6398D /* IntervalOperatorViewController.swift */; };
		CBCB2C212268615600A6398D /* OperatorOverrideViewController.swift in Sources */ = {isa = PBXBuildFile; fileRef = CBCB2C202268615600A6398D /* OperatorOverrideViewController.swift */; };
		CBE63A792238D80D000A6613 /* BasicDataTypesViewController.swift in Sources */ = {isa = PBXBuildFile; fileRef = CBE63A782238D80D000A6613 /* BasicDataTypesViewController.swift */; };
		CBF8E2F921F163DB00842FA4 /* WeChatViewController.swift in Sources */ = {isa = PBXBuildFile; fileRef = CBF8E2F821F163DB00842FA4 /* WeChatViewController.swift */; };
		CBF8E2FB21F163F700842FA4 /* AddressBookViewController.swift in Sources */ = {isa = PBXBuildFile; fileRef = CBF8E2FA21F163F700842FA4 /* AddressBookViewController.swift */; };
		CBF8E2FD21F1640800842FA4 /* FindViewController.swift in Sources */ = {isa = PBXBuildFile; fileRef = CBF8E2FC21F1640800842FA4 /* FindViewController.swift */; };
		CBF8E2FF21F1641600842FA4 /* MineViewController.swift in Sources */ = {isa = PBXBuildFile; fileRef = CBF8E2FE21F1641600842FA4 /* MineViewController.swift */; };
		F9513875CD7E3F607D152484 /* Pods_SwiftStudyProject.framework in Frameworks */ = {isa = PBXBuildFile; fileRef = 267776D5E50F8312D4668DAD /* Pods_SwiftStudyProject.framework */; };
/* End PBXBuildFile section */

/* Begin PBXContainerItemProxy section */
		CB5779AF218AFD3000234157 /* PBXContainerItemProxy */ = {
			isa = PBXContainerItemProxy;
			containerPortal = CB577992218AFD2D00234157 /* Project object */;
			proxyType = 1;
			remoteGlobalIDString = CB577999218AFD2D00234157;
			remoteInfo = SwiftStudyProject;
		};
		CB5779BA218AFD3000234157 /* PBXContainerItemProxy */ = {
			isa = PBXContainerItemProxy;
			containerPortal = CB577992218AFD2D00234157 /* Project object */;
			proxyType = 1;
			remoteGlobalIDString = CB577999218AFD2D00234157;
			remoteInfo = SwiftStudyProject;
		};
/* End PBXContainerItemProxy section */

/* Begin PBXFileReference section */
		267776D5E50F8312D4668DAD /* Pods_SwiftStudyProject.framework */ = {isa = PBXFileReference; explicitFileType = wrapper.framework; includeInIndex = 0; path = Pods_SwiftStudyProject.framework; sourceTree = BUILT_PRODUCTS_DIR; };
		3DB2EB109272F7E84CF20196 /* Pods-SwiftStudyProject.release.xcconfig */ = {isa = PBXFileReference; includeInIndex = 1; lastKnownFileType = text.xcconfig; name = "Pods-SwiftStudyProject.release.xcconfig"; path = "Pods/Target Support Files/Pods-SwiftStudyProject/Pods-SwiftStudyProject.release.xcconfig"; sourceTree = "<group>"; };
		70DD95FAE627B7E8BAF14A9B /* Pods-SwiftStudyProject.debug.xcconfig */ = {isa = PBXFileReference; includeInIndex = 1; lastKnownFileType = text.xcconfig; name = "Pods-SwiftStudyProject.debug.xcconfig"; path = "Pods/Target Support Files/Pods-SwiftStudyProject/Pods-SwiftStudyProject.debug.xcconfig"; sourceTree = "<group>"; };
		CB167525218BDB42002D0203 /* Person.swift */ = {isa = PBXFileReference; lastKnownFileType = sourcecode.swift; path = Person.swift; sourceTree = "<group>"; };
		CB57799A218AFD2D00234157 /* SwiftStudyProject.app */ = {isa = PBXFileReference; explicitFileType = wrapper.application; includeInIndex = 0; path = SwiftStudyProject.app; sourceTree = BUILT_PRODUCTS_DIR; };
		CB57799D218AFD2D00234157 /* AppDelegate.swift */ = {isa = PBXFileReference; lastKnownFileType = sourcecode.swift; path = AppDelegate.swift; sourceTree = "<group>"; };
		CB5779A2218AFD2D00234157 /* Base */ = {isa = PBXFileReference; lastKnownFileType = file.storyboard; name = Base; path = Base.lproj/Main.storyboard; sourceTree = "<group>"; };
		CB5779A4218AFD3000234157 /* Assets.xcassets */ = {isa = PBXFileReference; lastKnownFileType = folder.assetcatalog; path = Assets.xcassets; sourceTree = "<group>"; };
		CB5779A7218AFD3000234157 /* Base */ = {isa = PBXFileReference; lastKnownFileType = file.storyboard; name = Base; path = Base.lproj/LaunchScreen.storyboard; sourceTree = "<group>"; };
		CB5779A9218AFD3000234157 /* Info.plist */ = {isa = PBXFileReference; lastKnownFileType = text.plist.xml; path = Info.plist; sourceTree = "<group>"; };
		CB5779AE218AFD3000234157 /* SwiftStudyProjectTests.xctest */ = {isa = PBXFileReference; explicitFileType = wrapper.cfbundle; includeInIndex = 0; path = SwiftStudyProjectTests.xctest; sourceTree = BUILT_PRODUCTS_DIR; };
		CB5779B2218AFD3000234157 /* SwiftStudyProjectTests.swift */ = {isa = PBXFileReference; lastKnownFileType = sourcecode.swift; path = SwiftStudyProjectTests.swift; sourceTree = "<group>"; };
		CB5779B4218AFD3000234157 /* Info.plist */ = {isa = PBXFileReference; lastKnownFileType = text.plist.xml; path = Info.plist; sourceTree = "<group>"; };
		CB5779B9218AFD3000234157 /* SwiftStudyProjectUITests.xctest */ = {isa = PBXFileReference; explicitFileType = wrapper.cfbundle; includeInIndex = 0; path = SwiftStudyProjectUITests.xctest; sourceTree = BUILT_PRODUCTS_DIR; };
		CB5779BD218AFD3000234157 /* SwiftStudyProjectUITests.swift */ = {isa = PBXFileReference; lastKnownFileType = sourcecode.swift; path = SwiftStudyProjectUITests.swift; sourceTree = "<group>"; };
		CB5779BF218AFD3000234157 /* Info.plist */ = {isa = PBXFileReference; lastKnownFileType = text.plist.xml; path = Info.plist; sourceTree = "<group>"; };
		CBBD9B7B226FFA890001C6A9 /* ClassInitViewController.swift */ = {isa = PBXFileReference; lastKnownFileType = sourcecode.swift; path = ClassInitViewController.swift; sourceTree = "<group>"; };
		CBBD9B7D226FFA990001C6A9 /* ClassDeinitViewController.swift */ = {isa = PBXFileReference; lastKnownFileType = sourcecode.swift; path = ClassDeinitViewController.swift; sourceTree = "<group>"; };
		CBBD9B81226FFB430001C6A9 /* Student.swift */ = {isa = PBXFileReference; lastKnownFileType = sourcecode.swift; path = Student.swift; sourceTree = "<group>"; };
		CBBD9B83226FFCBF0001C6A9 /* DBClass.swift */ = {isa = PBXFileReference; lastKnownFileType = sourcecode.swift; path = DBClass.swift; sourceTree = "<group>"; };
		CBBD9B85226FFF650001C6A9 /* PropertyViewController.swift */ = {isa = PBXFileReference; lastKnownFileType = sourcecode.swift; path = PropertyViewController.swift; sourceTree = "<group>"; };
		CBBD9B87227010B80001C6A9 /* StaticViewController.swift */ = {isa = PBXFileReference; lastKnownFileType = sourcecode.swift; path = StaticViewController.swift; sourceTree = "<group>"; };
		CBBD9B8922703A260001C6A9 /* ClassPropertyViewController.swift */ = {isa = PBXFileReference; lastKnownFileType = sourcecode.swift; path = ClassPropertyViewController.swift; sourceTree = "<group>"; };
		CBBD9B8B22703E7D0001C6A9 /* SubStringViewController.swift */ = {isa = PBXFileReference; lastKnownFileType = sourcecode.swift; path = SubStringViewController.swift; sourceTree = "<group>"; };
		CBBD9B8D22703E970001C6A9 /* SubString.swift */ = {isa = PBXFileReference; lastKnownFileType = sourcecode.swift; path = SubString.swift; sourceTree = "<group>"; };
		CBBD9B8F2270481F0001C6A9 /* VisitModifierViewController.swift */ = {isa = PBXFileReference; lastKnownFileType = sourcecode.swift; path = VisitModifierViewController.swift; sourceTree = "<group>"; };
		CBBD9B9122704B160001C6A9 /* ExtensionViewController.swift */ = {isa = PBXFileReference; lastKnownFileType = sourcecode.swift; path = ExtensionViewController.swift; sourceTree = "<group>"; };
		CBBD9B9322704FB10001C6A9 /* ProtocolViewController.swift */ = {isa = PBXFileReference; lastKnownFileType = sourcecode.swift; path = ProtocolViewController.swift; sourceTree = "<group>"; };
		CBBD9B97227058560001C6A9 /* FileViewController.swift */ = {isa = PBXFileReference; lastKnownFileType = sourcecode.swift; path = FileViewController.swift; sourceTree = "<group>"; };
		CBBE7A3E226EF06300C20709 /* DictionaryDataTypesViewController.swift */ = {isa = PBXFileReference; lastKnownFileType = sourcecode.swift; path = DictionaryDataTypesViewController.swift; sourceTree = "<group>"; };
		CBBE7A40226EF0C100C20709 /* StructDataTypesViewController.swift */ = {isa = PBXFileReference; lastKnownFileType = sourcecode.swift; path = StructDataTypesViewController.swift; sourceTree = "<group>"; };
		CBBE7A42226EF0DF00C20709 /* EnumDataTypesViewController.swift */ = {isa = PBXFileReference; lastKnownFileType = sourcecode.swift; path = EnumDataTypesViewController.swift; sourceTree = "<group>"; };
		CBBE7A44226EF33500C20709 /* ArrayDataTypesViewController.swift */ = {isa = PBXFileReference; lastKnownFileType = sourcecode.swift; path = ArrayDataTypesViewController.swift; sourceTree = "<group>"; };
		CBBE7A48226F04C000C20709 /* IfSwitchViewController.swift */ = {isa = PBXFileReference; lastKnownFileType = sourcecode.swift; path = IfSwitchViewController.swift; sourceTree = "<group>"; };
		CBBE7A4A226F063C00C20709 /* ForViewController.swift */ = {isa = PBXFileReference; lastKnownFileType = sourcecode.swift; path = ForViewController.swift; sourceTree = "<group>"; };
		CBBE7A4C226F141100C20709 /* FunctionViewController.swift */ = {isa = PBXFileReference; lastKnownFileType = sourcecode.swift; path = FunctionViewController.swift; sourceTree = "<group>"; };
		CBCB2C1A22684D4C00A6398D /* WechatViewData.plist */ = {isa = PBXFileReference; lastKnownFileType = text.plist.xml; path = WechatViewData.plist; sourceTree = "<group>"; };
		CBCB2C1C2268521000A6398D /* RandomViewController.swift */ = {isa = PBXFileReference; lastKnownFileType = sourcecode.swift; path = RandomViewController.swift; sourceTree = "<group>"; };
		CBCB2C1E2268549E00A6398D /* IntervalOperatorViewController.swift */ = {isa = PBXFileReference; lastKnownFileType = sourcecode.swift; path = IntervalOperatorViewController.swift; sourceTree = "<group>"; };
		CBCB2C202268615600A6398D /* OperatorOverrideViewController.swift */ = {isa = PBXFileReference; lastKnownFileType = sourcecode.swift; path = OperatorOverrideViewController.swift; sourceTree = "<group>"; };
		CBE63A782238D80D000A6613 /* BasicDataTypesViewController.swift */ = {isa = PBXFileReference; lastKnownFileType = sourcecode.swift; path = BasicDataTypesViewController.swift; sourceTree = "<group>"; };
		CBF8E2F821F163DB00842FA4 /* WeChatViewController.swift */ = {isa = PBXFileReference; lastKnownFileType = sourcecode.swift; path = WeChatViewController.swift; sourceTree = "<group>"; };
		CBF8E2FA21F163F700842FA4 /* AddressBookViewController.swift */ = {isa = PBXFileReference; lastKnownFileType = sourcecode.swift; path = AddressBookViewController.swift; sourceTree = "<group>"; };
		CBF8E2FC21F1640800842FA4 /* FindViewController.swift */ = {isa = PBXFileReference; lastKnownFileType = sourcecode.swift; path = FindViewController.swift; sourceTree = "<group>"; };
		CBF8E2FE21F1641600842FA4 /* MineViewController.swift */ = {isa = PBXFileReference; lastKnownFileType = sourcecode.swift; path = MineViewController.swift; sourceTree = "<group>"; };
/* End PBXFileReference section */

/* Begin PBXFrameworksBuildPhase section */
		CB577997218AFD2D00234157 /* Frameworks */ = {
			isa = PBXFrameworksBuildPhase;
			buildActionMask = 2147483647;
			files = (
				F9513875CD7E3F607D152484 /* Pods_SwiftStudyProject.framework in Frameworks */,
			);
			runOnlyForDeploymentPostprocessing = 0;
		};
		CB5779AB218AFD3000234157 /* Frameworks */ = {
			isa = PBXFrameworksBuildPhase;
			buildActionMask = 2147483647;
			files = (
			);
			runOnlyForDeploymentPostprocessing = 0;
		};
		CB5779B6218AFD3000234157 /* Frameworks */ = {
			isa = PBXFrameworksBuildPhase;
			buildActionMask = 2147483647;
			files = (
			);
			runOnlyForDeploymentPostprocessing = 0;
		};
/* End PBXFrameworksBuildPhase section */

/* Begin PBXGroup section */
		4668C3C7E46F807DEE2CB829 /* Pods */ = {
			isa = PBXGroup;
			children = (
				70DD95FAE627B7E8BAF14A9B /* Pods-SwiftStudyProject.debug.xcconfig */,
				3DB2EB109272F7E84CF20196 /* Pods-SwiftStudyProject.release.xcconfig */,
			);
			name = Pods;
			sourceTree = "<group>";
		};
		88396707A77D1429AD1EDC5E /* Frameworks */ = {
			isa = PBXGroup;
			children = (
				267776D5E50F8312D4668DAD /* Pods_SwiftStudyProject.framework */,
			);
			name = Frameworks;
			sourceTree = "<group>";
		};
		CB577991218AFD2D00234157 = {
			isa = PBXGroup;
			children = (
				CB57799C218AFD2D00234157 /* SwiftStudyProject */,
				CB5779B1218AFD3000234157 /* SwiftStudyProjectTests */,
				CB5779BC218AFD3000234157 /* SwiftStudyProjectUITests */,
				CB57799B218AFD2D00234157 /* Products */,
				4668C3C7E46F807DEE2CB829 /* Pods */,
				88396707A77D1429AD1EDC5E /* Frameworks */,
			);
			sourceTree = "<group>";
		};
		CB57799B218AFD2D00234157 /* Products */ = {
			isa = PBXGroup;
			children = (
				CB57799A218AFD2D00234157 /* SwiftStudyProject.app */,
				CB5779AE218AFD3000234157 /* SwiftStudyProjectTests.xctest */,
				CB5779B9218AFD3000234157 /* SwiftStudyProjectUITests.xctest */,
			);
			name = Products;
			sourceTree = "<group>";
		};
		CB57799C218AFD2D00234157 /* SwiftStudyProject */ = {
			isa = PBXGroup;
			children = (
				CBCB2C1722684CF600A6398D /* Resourse */,
				CBF8E30021F16FC000842FA4 /* Source */,
				CB57799D218AFD2D00234157 /* AppDelegate.swift */,
				CB5779A1218AFD2D00234157 /* Main.storyboard */,
				CB5779A4218AFD3000234157 /* Assets.xcassets */,
				CB5779A6218AFD3000234157 /* LaunchScreen.storyboard */,
				CB5779A9218AFD3000234157 /* Info.plist */,
			);
			path = SwiftStudyProject;
			sourceTree = "<group>";
		};
		CB5779B1218AFD3000234157 /* SwiftStudyProjectTests */ = {
			isa = PBXGroup;
			children = (
				CB5779B2218AFD3000234157 /* SwiftStudyProjectTests.swift */,
				CB5779B4218AFD3000234157 /* Info.plist */,
			);
			path = SwiftStudyProjectTests;
			sourceTree = "<group>";
		};
		CB5779BC218AFD3000234157 /* SwiftStudyProjectUITests */ = {
			isa = PBXGroup;
			children = (
				CB5779BD218AFD3000234157 /* SwiftStudyProjectUITests.swift */,
				CB5779BF218AFD3000234157 /* Info.plist */,
			);
			path = SwiftStudyProjectUITests;
			sourceTree = "<group>";
		};
		CBCB2C1722684CF600A6398D /* Resourse */ = {
			isa = PBXGroup;
			children = (
				CBCB2C1A22684D4C00A6398D /* WechatViewData.plist */,
			);
			path = Resourse;
			sourceTree = "<group>";
		};
		CBF8E30021F16FC000842FA4 /* Source */ = {
			isa = PBXGroup;
			children = (
				CBF8E30121F16FD300842FA4 /* Module */,
			);
			path = Source;
			sourceTree = "<group>";
		};
		CBF8E30121F16FD300842FA4 /* Module */ = {
			isa = PBXGroup;
			children = (
				CBF8E30521F1701500842FA4 /* Mine */,
				CBF8E30421F1700900842FA4 /* Find */,
				CBF8E30321F16FFA00842FA4 /* AddressBook */,
				CBF8E30221F16FDA00842FA4 /* WeChat */,
			);
			path = Module;
			sourceTree = "<group>";
		};
		CBF8E30221F16FDA00842FA4 /* WeChat */ = {
			isa = PBXGroup;
			children = (
				CBF8E2F821F163DB00842FA4 /* WeChatViewController.swift */,
				CBE63A782238D80D000A6613 /* BasicDataTypesViewController.swift */,
				CBCB2C1C2268521000A6398D /* RandomViewController.swift */,
				CBCB2C1E2268549E00A6398D /* IntervalOperatorViewController.swift */,
				CBCB2C202268615600A6398D /* OperatorOverrideViewController.swift */,
				CBBE7A44226EF33500C20709 /* ArrayDataTypesViewController.swift */,
				CBBE7A3E226EF06300C20709 /* DictionaryDataTypesViewController.swift */,
				CBBE7A40226EF0C100C20709 /* StructDataTypesViewController.swift */,
				CBBE7A42226EF0DF00C20709 /* EnumDataTypesViewController.swift */,
				CBBE7A48226F04C000C20709 /* IfSwitchViewController.swift */,
				CBBE7A4A226F063C00C20709 /* ForViewController.swift */,
				CBBE7A4C226F141100C20709 /* FunctionViewController.swift */,
				CBBD9B7B226FFA890001C6A9 /* ClassInitViewController.swift */,
				CBBD9B7D226FFA990001C6A9 /* ClassDeinitViewController.swift */,
				CB167525218BDB42002D0203 /* Person.swift */,
				CBBD9B81226FFB430001C6A9 /* Student.swift */,
				CBBD9B83226FFCBF0001C6A9 /* DBClass.swift */,
				CBBD9B85226FFF650001C6A9 /* PropertyViewController.swift */,
				CBBD9B87227010B80001C6A9 /* StaticViewController.swift */,
				CBBD9B8922703A260001C6A9 /* ClassPropertyViewController.swift */,
				CBBD9B8B22703E7D0001C6A9 /* SubStringViewController.swift */,
				CBBD9B8D22703E970001C6A9 /* SubString.swift */,
				CBBD9B8F2270481F0001C6A9 /* VisitModifierViewController.swift */,
				CBBD9B9122704B160001C6A9 /* ExtensionViewController.swift */,
				CBBD9B9322704FB10001C6A9 /* ProtocolViewController.swift */,
				CBBD9B97227058560001C6A9 /* FileViewController.swift */,
			);
			path = WeChat;
			sourceTree = "<group>";
		};
		CBF8E30321F16FFA00842FA4 /* AddressBook */ = {
			isa = PBXGroup;
			children = (
				CBF8E2FA21F163F700842FA4 /* AddressBookViewController.swift */,
			);
			path = AddressBook;
			sourceTree = "<group>";
		};
		CBF8E30421F1700900842FA4 /* Find */ = {
			isa = PBXGroup;
			children = (
				CBF8E2FC21F1640800842FA4 /* FindViewController.swift */,
			);
			path = Find;
			sourceTree = "<group>";
		};
		CBF8E30521F1701500842FA4 /* Mine */ = {
			isa = PBXGroup;
			children = (
				CBF8E2FE21F1641600842FA4 /* MineViewController.swift */,
			);
			path = Mine;
			sourceTree = "<group>";
		};
/* End PBXGroup section */

/* Begin PBXNativeTarget section */
		CB577999218AFD2D00234157 /* SwiftStudyProject */ = {
			isa = PBXNativeTarget;
			buildConfigurationList = CB5779C2218AFD3000234157 /* Build configuration list for PBXNativeTarget "SwiftStudyProject" */;
			buildPhases = (
				7E2812CECBB4F553C715DFE1 /* [CP] Check Pods Manifest.lock */,
				CB577996218AFD2D00234157 /* Sources */,
				CB577997218AFD2D00234157 /* Frameworks */,
				CB577998218AFD2D00234157 /* Resources */,
				779AF5CF768DD0C8F404DD2C /* [CP] Embed Pods Frameworks */,
			);
			buildRules = (
			);
			dependencies = (
			);
			name = SwiftStudyProject;
			productName = SwiftStudyProject;
			productReference = CB57799A218AFD2D00234157 /* SwiftStudyProject.app */;
			productType = "com.apple.product-type.application";
		};
		CB5779AD218AFD3000234157 /* SwiftStudyProjectTests */ = {
			isa = PBXNativeTarget;
			buildConfigurationList = CB5779C5218AFD3000234157 /* Build configuration list for PBXNativeTarget "SwiftStudyProjectTests" */;
			buildPhases = (
				CB5779AA218AFD3000234157 /* Sources */,
				CB5779AB218AFD3000234157 /* Frameworks */,
				CB5779AC218AFD3000234157 /* Resources */,
			);
			buildRules = (
			);
			dependencies = (
				CB5779B0218AFD3000234157 /* PBXTargetDependency */,
			);
			name = SwiftStudyProjectTests;
			productName = SwiftStudyProjectTests;
			productReference = CB5779AE218AFD3000234157 /* SwiftStudyProjectTests.xctest */;
			productType = "com.apple.product-type.bundle.unit-test";
		};
		CB5779B8218AFD3000234157 /* SwiftStudyProjectUITests */ = {
			isa = PBXNativeTarget;
			buildConfigurationList = CB5779C8218AFD3000234157 /* Build configuration list for PBXNativeTarget "SwiftStudyProjectUITests" */;
			buildPhases = (
				CB5779B5218AFD3000234157 /* Sources */,
				CB5779B6218AFD3000234157 /* Frameworks */,
				CB5779B7218AFD3000234157 /* Resources */,
			);
			buildRules = (
			);
			dependencies = (
				CB5779BB218AFD3000234157 /* PBXTargetDependency */,
			);
			name = SwiftStudyProjectUITests;
			productName = SwiftStudyProjectUITests;
			productReference = CB5779B9218AFD3000234157 /* SwiftStudyProjectUITests.xctest */;
			productType = "com.apple.product-type.bundle.ui-testing";
		};
/* End PBXNativeTarget section */

/* Begin PBXProject section */
		CB577992218AFD2D00234157 /* Project object */ = {
			isa = PBXProject;
			attributes = {
				LastSwiftUpdateCheck = 1010;
				LastUpgradeCheck = 1010;
				ORGANIZATIONNAME = chanvalenty;
				TargetAttributes = {
					CB577999218AFD2D00234157 = {
						CreatedOnToolsVersion = 10.1;
					};
					CB5779AD218AFD3000234157 = {
						CreatedOnToolsVersion = 10.1;
						TestTargetID = CB577999218AFD2D00234157;
					};
					CB5779B8218AFD3000234157 = {
						CreatedOnToolsVersion = 10.1;
						TestTargetID = CB577999218AFD2D00234157;
					};
				};
			};
			buildConfigurationList = CB577995218AFD2D00234157 /* Build configuration list for PBXProject "SwiftStudyProject" */;
			compatibilityVersion = "Xcode 9.3";
			developmentRegion = en;
			hasScannedForEncodings = 0;
			knownRegions = (
				en,
				Base,
			);
			mainGroup = CB577991218AFD2D00234157;
			productRefGroup = CB57799B218AFD2D00234157 /* Products */;
			projectDirPath = "";
			projectRoot = "";
			targets = (
				CB577999218AFD2D00234157 /* SwiftStudyProject */,
				CB5779AD218AFD3000234157 /* SwiftStudyProjectTests */,
				CB5779B8218AFD3000234157 /* SwiftStudyProjectUITests */,
			);
		};
/* End PBXProject section */

/* Begin PBXResourcesBuildPhase section */
		CB577998218AFD2D00234157 /* Resources */ = {
			isa = PBXResourcesBuildPhase;
			buildActionMask = 2147483647;
			files = (
				CB5779A8218AFD3000234157 /* LaunchScreen.storyboard in Resources */,
				CB5779A5218AFD3000234157 /* Assets.xcassets in Resources */,
				CB5779A3218AFD2D00234157 /* Main.storyboard in Resources */,
				CBCB2C1B22684D4C00A6398D /* WechatViewData.plist in Resources */,
			);
			runOnlyForDeploymentPostprocessing = 0;
		};
		CB5779AC218AFD3000234157 /* Resources */ = {
			isa = PBXResourcesBuildPhase;
			buildActionMask = 2147483647;
			files = (
			);
			runOnlyForDeploymentPostprocessing = 0;
		};
		CB5779B7218AFD3000234157 /* Resources */ = {
			isa = PBXResourcesBuildPhase;
			buildActionMask = 2147483647;
			files = (
			);
			runOnlyForDeploymentPostprocessing = 0;
		};
/* End PBXResourcesBuildPhase section */

/* Begin PBXShellScriptBuildPhase section */
		779AF5CF768DD0C8F404DD2C /* [CP] Embed Pods Frameworks */ = {
			isa = PBXShellScriptBuildPhase;
			buildActionMask = 2147483647;
			files = (
			);
			inputFileListPaths = (
			);
			inputPaths = (
				"${SRCROOT}/Pods/Target Support Files/Pods-SwiftStudyProject/Pods-SwiftStudyProject-frameworks.sh",
				"${BUILT_PRODUCTS_DIR}/Alamofire/Alamofire.framework",
				"${BUILT_PRODUCTS_DIR}/Moya/Moya.framework",
				"${BUILT_PRODUCTS_DIR}/ObjectMapper/ObjectMapper.framework",
				"${BUILT_PRODUCTS_DIR}/ReachabilitySwift/Reachability.framework",
				"${BUILT_PRODUCTS_DIR}/Result/Result.framework",
				"${BUILT_PRODUCTS_DIR}/RxAtomic/RxAtomic.framework",
				"${BUILT_PRODUCTS_DIR}/RxCocoa/RxCocoa.framework",
				"${BUILT_PRODUCTS_DIR}/RxSwift/RxSwift.framework",
				"${BUILT_PRODUCTS_DIR}/SnapKit/SnapKit.framework",
			);
			name = "[CP] Embed Pods Frameworks";
			outputFileListPaths = (
			);
			outputPaths = (
				"${TARGET_BUILD_DIR}/${FRAMEWORKS_FOLDER_PATH}/Alamofire.framework",
				"${TARGET_BUILD_DIR}/${FRAMEWORKS_FOLDER_PATH}/Moya.framework",
				"${TARGET_BUILD_DIR}/${FRAMEWORKS_FOLDER_PATH}/ObjectMapper.framework",
				"${TARGET_BUILD_DIR}/${FRAMEWORKS_FOLDER_PATH}/Reachability.framework",
				"${TARGET_BUILD_DIR}/${FRAMEWORKS_FOLDER_PATH}/Result.framework",
				"${TARGET_BUILD_DIR}/${FRAMEWORKS_FOLDER_PATH}/RxAtomic.framework",
				"${TARGET_BUILD_DIR}/${FRAMEWORKS_FOLDER_PATH}/RxCocoa.framework",
				"${TARGET_BUILD_DIR}/${FRAMEWORKS_FOLDER_PATH}/RxSwift.framework",
				"${TARGET_BUILD_DIR}/${FRAMEWORKS_FOLDER_PATH}/SnapKit.framework",
			);
			runOnlyForDeploymentPostprocessing = 0;
			shellPath = /bin/sh;
			shellScript = "\"${SRCROOT}/Pods/Target Support Files/Pods-SwiftStudyProject/Pods-SwiftStudyProject-frameworks.sh\"\n";
			showEnvVarsInLog = 0;
		};
		7E2812CECBB4F553C715DFE1 /* [CP] Check Pods Manifest.lock */ = {
			isa = PBXShellScriptBuildPhase;
			buildActionMask = 2147483647;
			files = (
			);
			inputFileListPaths = (
			);
			inputPaths = (
				"${PODS_PODFILE_DIR_PATH}/Podfile.lock",
				"${PODS_ROOT}/Manifest.lock",
			);
			name = "[CP] Check Pods Manifest.lock";
			outputFileListPaths = (
			);
			outputPaths = (
				"$(DERIVED_FILE_DIR)/Pods-SwiftStudyProject-checkManifestLockResult.txt",
			);
			runOnlyForDeploymentPostprocessing = 0;
			shellPath = /bin/sh;
			shellScript = "diff \"${PODS_PODFILE_DIR_PATH}/Podfile.lock\" \"${PODS_ROOT}/Manifest.lock\" > /dev/null\nif [ $? != 0 ] ; then\n    # print error to STDERR\n    echo \"error: The sandbox is not in sync with the Podfile.lock. Run 'pod install' or update your CocoaPods installation.\" >&2\n    exit 1\nfi\n# This output is used by Xcode 'outputs' to avoid re-running this script phase.\necho \"SUCCESS\" > \"${SCRIPT_OUTPUT_FILE_0}\"\n";
			showEnvVarsInLog = 0;
		};
/* End PBXShellScriptBuildPhase section */

/* Begin PBXSourcesBuildPhase section */
		CB577996218AFD2D00234157 /* Sources */ = {
			isa = PBXSourcesBuildPhase;
			buildActionMask = 2147483647;
			files = (
				CBBD9B7E226FFA990001C6A9 /* ClassDeinitViewController.swift in Sources */,
				CBBD9B7C226FFA890001C6A9 /* ClassInitViewController.swift in Sources */,
				CBBE7A4D226F141100C20709 /* FunctionViewController.swift in Sources */,
				CBF8E2FB21F163F700842FA4 /* AddressBookViewController.swift in Sources */,
				CBBE7A4B226F063C00C20709 /* ForViewController.swift in Sources */,
				CBBE7A45226EF33500C20709 /* ArrayDataTypesViewController.swift in Sources */,
				CBBD9B98227058560001C6A9 /* FileViewController.swift in Sources */,
				CBE63A792238D80D000A6613 /* BasicDataTypesViewController.swift in Sources */,
				CBBE7A41226EF0C100C20709 /* StructDataTypesViewController.swift in Sources */,
				CBF8E2F921F163DB00842FA4 /* WeChatViewController.swift in Sources */,
				CBBD9B9422704FB10001C6A9 /* ProtocolViewController.swift in Sources */,
				CBCB2C1D2268521000A6398D /* RandomViewController.swift in Sources */,
				CBBE7A49226F04C000C20709 /* IfSwitchViewController.swift in Sources */,
				CBBD9B8E22703E970001C6A9 /* SubString.swift in Sources */,
				CBBD9B84226FFCBF0001C6A9 /* DBClass.swift in Sources */,
				CBBD9B8C22703E7D0001C6A9 /* SubStringViewController.swift in Sources */,
				CBBD9B88227010B80001C6A9 /* StaticViewController.swift in Sources */,
				CB167526218BDB42002D0203 /* Person.swift in Sources */,
				CBF8E2FF21F1641600842FA4 /* MineViewController.swift in Sources */,
				CBBE7A3F226EF06300C20709 /* DictionaryDataTypesViewController.swift in Sources */,
				CBBD9B902270481F0001C6A9 /* VisitModifierViewController.swift in Sources */,
				CB57799E218AFD2D00234157 /* AppDelegate.swift in Sources */,
				CBBD9B9222704B160001C6A9 /* ExtensionViewController.swift in Sources */,
				CBF8E2FD21F1640800842FA4 /* FindViewController.swift in Sources */,
				CBBD9B8A22703A260001C6A9 /* ClassPropertyViewController.swift in Sources */,
				CBCB2C212268615600A6398D /* OperatorOverrideViewController.swift in Sources */,
				CBCB2C1F2268549E00A6398D /* IntervalOperatorViewController.swift in Sources */,
				CBBD9B86226FFF650001C6A9 /* PropertyViewController.swift in Sources */,
				CBBD9B82226FFB430001C6A9 /* Student.swift in Sources */,
				CBBE7A43226EF0DF00C20709 /* EnumDataTypesViewController.swift in Sources */,
			);
			runOnlyForDeploymentPostprocessing = 0;
		};
		CB5779AA218AFD3000234157 /* Sources */ = {
			isa = PBXSourcesBuildPhase;
			buildActionMask = 2147483647;
			files = (
				CB5779B3218AFD3000234157 /* SwiftStudyProjectTests.swift in Sources */,
			);
			runOnlyForDeploymentPostprocessing = 0;
		};
		CB5779B5218AFD3000234157 /* Sources */ = {
			isa = PBXSourcesBuildPhase;
			buildActionMask = 2147483647;
			files = (
				CB5779BE218AFD3000234157 /* SwiftStudyProjectUITests.swift in Sources */,
			);
			runOnlyForDeploymentPostprocessing = 0;
		};
/* End PBXSourcesBuildPhase section */

/* Begin PBXTargetDependency section */
		CB5779B0218AFD3000234157 /* PBXTargetDependency */ = {
			isa = PBXTargetDependency;
			target = CB577999218AFD2D00234157 /* SwiftStudyProject */;
			targetProxy = CB5779AF218AFD3000234157 /* PBXContainerItemProxy */;
		};
		CB5779BB218AFD3000234157 /* PBXTargetDependency */ = {
			isa = PBXTargetDependency;
			target = CB577999218AFD2D00234157 /* SwiftStudyProject */;
			targetProxy = CB5779BA218AFD3000234157 /* PBXContainerItemProxy */;
		};
/* End PBXTargetDependency section */

/* Begin PBXVariantGroup section */
		CB5779A1218AFD2D00234157 /* Main.storyboard */ = {
			isa = PBXVariantGroup;
			children = (
				CB5779A2218AFD2D00234157 /* Base */,
			);
			name = Main.storyboard;
			sourceTree = "<group>";
		};
		CB5779A6218AFD3000234157 /* LaunchScreen.storyboard */ = {
			isa = PBXVariantGroup;
			children = (
				CB5779A7218AFD3000234157 /* Base */,
			);
			name = LaunchScreen.storyboard;
			sourceTree = "<group>";
		};
/* End PBXVariantGroup section */

/* Begin XCBuildConfiguration section */
		CB5779C0218AFD3000234157 /* Debug */ = {
			isa = XCBuildConfiguration;
			buildSettings = {
				ALWAYS_SEARCH_USER_PATHS = NO;
				CLANG_ANALYZER_NONNULL = YES;
				CLANG_ANALYZER_NUMBER_OBJECT_CONVERSION = YES_AGGRESSIVE;
				CLANG_CXX_LANGUAGE_STANDARD = "gnu++14";
				CLANG_CXX_LIBRARY = "libc++";
				CLANG_ENABLE_MODULES = YES;
				CLANG_ENABLE_OBJC_ARC = YES;
				CLANG_ENABLE_OBJC_WEAK = YES;
				CLANG_WARN_BLOCK_CAPTURE_AUTORELEASING = YES;
				CLANG_WARN_BOOL_CONVERSION = YES;
				CLANG_WARN_COMMA = YES;
				CLANG_WARN_CONSTANT_CONVERSION = YES;
				CLANG_WARN_DEPRECATED_OBJC_IMPLEMENTATIONS = YES;
				CLANG_WARN_DIRECT_OBJC_ISA_USAGE = YES_ERROR;
				CLANG_WARN_DOCUMENTATION_COMMENTS = YES;
				CLANG_WARN_EMPTY_BODY = YES;
				CLANG_WARN_ENUM_CONVERSION = YES;
				CLANG_WARN_INFINITE_RECURSION = YES;
				CLANG_WARN_INT_CONVERSION = YES;
				CLANG_WARN_NON_LITERAL_NULL_CONVERSION = YES;
				CLANG_WARN_OBJC_IMPLICIT_RETAIN_SELF = YES;
				CLANG_WARN_OBJC_LITERAL_CONVERSION = YES;
				CLANG_WARN_OBJC_ROOT_CLASS = YES_ERROR;
				CLANG_WARN_RANGE_LOOP_ANALYSIS = YES;
				CLANG_WARN_STRICT_PROTOTYPES = YES;
				CLANG_WARN_SUSPICIOUS_MOVE = YES;
				CLANG_WARN_UNGUARDED_AVAILABILITY = YES_AGGRESSIVE;
				CLANG_WARN_UNREACHABLE_CODE = YES;
				CLANG_WARN__DUPLICATE_METHOD_MATCH = YES;
				CODE_SIGN_IDENTITY = "iPhone Developer";
				COPY_PHASE_STRIP = NO;
				DEBUG_INFORMATION_FORMAT = dwarf;
				ENABLE_STRICT_OBJC_MSGSEND = YES;
				ENABLE_TESTABILITY = YES;
				GCC_C_LANGUAGE_STANDARD = gnu11;
				GCC_DYNAMIC_NO_PIC = NO;
				GCC_NO_COMMON_BLOCKS = YES;
				GCC_OPTIMIZATION_LEVEL = 0;
				GCC_PREPROCESSOR_DEFINITIONS = (
					"DEBUG=1",
					"$(inherited)",
				);
				GCC_WARN_64_TO_32_BIT_CONVERSION = YES;
				GCC_WARN_ABOUT_RETURN_TYPE = YES_ERROR;
				GCC_WARN_UNDECLARED_SELECTOR = YES;
				GCC_WARN_UNINITIALIZED_AUTOS = YES_AGGRESSIVE;
				GCC_WARN_UNUSED_FUNCTION = YES;
				GCC_WARN_UNUSED_VARIABLE = YES;
				IPHONEOS_DEPLOYMENT_TARGET = 12.1;
				MTL_ENABLE_DEBUG_INFO = INCLUDE_SOURCE;
				MTL_FAST_MATH = YES;
				ONLY_ACTIVE_ARCH = YES;
				SDKROOT = iphoneos;
				SWIFT_ACTIVE_COMPILATION_CONDITIONS = DEBUG;
				SWIFT_OPTIMIZATION_LEVEL = "-Onone";
			};
			name = Debug;
		};
		CB5779C1218AFD3000234157 /* Release */ = {
			isa = XCBuildConfiguration;
			buildSettings = {
				ALWAYS_SEARCH_USER_PATHS = NO;
				CLANG_ANALYZER_NONNULL = YES;
				CLANG_ANALYZER_NUMBER_OBJECT_CONVERSION = YES_AGGRESSIVE;
				CLANG_CXX_LANGUAGE_STANDARD = "gnu++14";
				CLANG_CXX_LIBRARY = "libc++";
				CLANG_ENABLE_MODULES = YES;
				CLANG_ENABLE_OBJC_ARC = YES;
				CLANG_ENABLE_OBJC_WEAK = YES;
				CLANG_WARN_BLOCK_CAPTURE_AUTORELEASING = YES;
				CLANG_WARN_BOOL_CONVERSION = YES;
				CLANG_WARN_COMMA = YES;
				CLANG_WARN_CONSTANT_CONVERSION = YES;
				CLANG_WARN_DEPRECATED_OBJC_IMPLEMENTATIONS = YES;
				CLANG_WARN_DIRECT_OBJC_ISA_USAGE = YES_ERROR;
				CLANG_WARN_DOCUMENTATION_COMMENTS = YES;
				CLANG_WARN_EMPTY_BODY = YES;
				CLANG_WARN_ENUM_CONVERSION = YES;
				CLANG_WARN_INFINITE_RECURSION = YES;
				CLANG_WARN_INT_CONVERSION = YES;
				CLANG_WARN_NON_LITERAL_NULL_CONVERSION = YES;
				CLANG_WARN_OBJC_IMPLICIT_RETAIN_SELF = YES;
				CLANG_WARN_OBJC_LITERAL_CONVERSION = YES;
				CLANG_WARN_OBJC_ROOT_CLASS = YES_ERROR;
				CLANG_WARN_RANGE_LOOP_ANALYSIS = YES;
				CLANG_WARN_STRICT_PROTOTYPES = YES;
				CLANG_WARN_SUSPICIOUS_MOVE = YES;
				CLANG_WARN_UNGUARDED_AVAILABILITY = YES_AGGRESSIVE;
				CLANG_WARN_UNREACHABLE_CODE = YES;
				CLANG_WARN__DUPLICATE_METHOD_MATCH = YES;
				CODE_SIGN_IDENTITY = "iPhone Developer";
				COPY_PHASE_STRIP = NO;
				DEBUG_INFORMATION_FORMAT = "dwarf-with-dsym";
				ENABLE_NS_ASSERTIONS = NO;
				ENABLE_STRICT_OBJC_MSGSEND = YES;
				GCC_C_LANGUAGE_STANDARD = gnu11;
				GCC_NO_COMMON_BLOCKS = YES;
				GCC_WARN_64_TO_32_BIT_CONVERSION = YES;
				GCC_WARN_ABOUT_RETURN_TYPE = YES_ERROR;
				GCC_WARN_UNDECLARED_SELECTOR = YES;
				GCC_WARN_UNINITIALIZED_AUTOS = YES_AGGRESSIVE;
				GCC_WARN_UNUSED_FUNCTION = YES;
				GCC_WARN_UNUSED_VARIABLE = YES;
				IPHONEOS_DEPLOYMENT_TARGET = 12.1;
				MTL_ENABLE_DEBUG_INFO = NO;
				MTL_FAST_MATH = YES;
				SDKROOT = iphoneos;
				SWIFT_COMPILATION_MODE = wholemodule;
				SWIFT_OPTIMIZATION_LEVEL = "-O";
				VALIDATE_PRODUCT = YES;
			};
			name = Release;
		};
		CB5779C3218AFD3000234157 /* Debug */ = {
			isa = XCBuildConfiguration;
			baseConfigurationReference = 70DD95FAE627B7E8BAF14A9B /* Pods-SwiftStudyProject.debug.xcconfig */;
			buildSettings = {
				ASSETCATALOG_COMPILER_APPICON_NAME = AppIcon;
				CODE_SIGN_STYLE = Automatic;
				DEVELOPMENT_TEAM = G332HKXC7D;
				ENABLE_BITCODE = NO;
				INFOPLIST_FILE = SwiftStudyProject/Info.plist;
				IPHONEOS_DEPLOYMENT_TARGET = 9.0;
				LD_RUNPATH_SEARCH_PATHS = (
					"$(inherited)",
					"@executable_path/Frameworks",
				);
				PRODUCT_BUNDLE_IDENTIFIER = test.SwiftStudyProject;
				PRODUCT_NAME = "$(TARGET_NAME)";
				SWIFT_VERSION = 4.2;
				TARGETED_DEVICE_FAMILY = "1,2";
			};
			name = Debug;
		};
		CB5779C4218AFD3000234157 /* Release */ = {
			isa = XCBuildConfiguration;
			baseConfigurationReference = 3DB2EB109272F7E84CF20196 /* Pods-SwiftStudyProject.release.xcconfig */;
			buildSettings = {
				ASSETCATALOG_COMPILER_APPICON_NAME = AppIcon;
				CODE_SIGN_STYLE = Automatic;
				DEVELOPMENT_TEAM = G332HKXC7D;
				ENABLE_BITCODE = NO;
				INFOPLIST_FILE = SwiftStudyProject/Info.plist;
				IPHONEOS_DEPLOYMENT_TARGET = 9.0;
				LD_RUNPATH_SEARCH_PATHS = (
					"$(inherited)",
					"@executable_path/Frameworks",
				);
				PRODUCT_BUNDLE_IDENTIFIER = test.SwiftStudyProject;
				PRODUCT_NAME = "$(TARGET_NAME)";
				SWIFT_VERSION = 4.2;
				TARGETED_DEVICE_FAMILY = "1,2";
			};
			name = Release;
		};
		CB5779C6218AFD3000234157 /* Debug */ = {
			isa = XCBuildConfiguration;
			buildSettings = {
				ALWAYS_EMBED_SWIFT_STANDARD_LIBRARIES = YES;
				BUNDLE_LOADER = "$(TEST_HOST)";
				CODE_SIGN_STYLE = Automatic;
				INFOPLIST_FILE = SwiftStudyProjectTests/Info.plist;
				LD_RUNPATH_SEARCH_PATHS = (
					"$(inherited)",
					"@executable_path/Frameworks",
					"@loader_path/Frameworks",
				);
				PRODUCT_BUNDLE_IDENTIFIER = test.SwiftStudyProjectTests;
				PRODUCT_NAME = "$(TARGET_NAME)";
				SWIFT_VERSION = 4.2;
				TARGETED_DEVICE_FAMILY = "1,2";
				TEST_HOST = "$(BUILT_PRODUCTS_DIR)/SwiftStudyProject.app/SwiftStudyProject";
			};
			name = Debug;
		};
		CB5779C7218AFD3000234157 /* Release */ = {
			isa = XCBuildConfiguration;
			buildSettings = {
				ALWAYS_EMBED_SWIFT_STANDARD_LIBRARIES = YES;
				BUNDLE_LOADER = "$(TEST_HOST)";
				CODE_SIGN_STYLE = Automatic;
				INFOPLIST_FILE = SwiftStudyProjectTests/Info.plist;
				LD_RUNPATH_SEARCH_PATHS = (
					"$(inherited)",
					"@executable_path/Frameworks",
					"@loader_path/Frameworks",
				);
				PRODUCT_BUNDLE_IDENTIFIER = test.SwiftStudyProjectTests;
				PRODUCT_NAME = "$(TARGET_NAME)";
				SWIFT_VERSION = 4.2;
				TARGETED_DEVICE_FAMILY = "1,2";
				TEST_HOST = "$(BUILT_PRODUCTS_DIR)/SwiftStudyProject.app/SwiftStudyProject";
			};
			name = Release;
		};
		CB5779C9218AFD3000234157 /* Debug */ = {
			isa = XCBuildConfiguration;
			buildSettings = {
				ALWAYS_EMBED_SWIFT_STANDARD_LIBRARIES = YES;
				CODE_SIGN_STYLE = Automatic;
				INFOPLIST_FILE = SwiftStudyProjectUITests/Info.plist;
				LD_RUNPATH_SEARCH_PATHS = (
					"$(inherited)",
					"@executable_path/Frameworks",
					"@loader_path/Frameworks",
				);
				PRODUCT_BUNDLE_IDENTIFIER = test.SwiftStudyProjectUITests;
				PRODUCT_NAME = "$(TARGET_NAME)";
				SWIFT_VERSION = 4.2;
				TARGETED_DEVICE_FAMILY = "1,2";
				TEST_TARGET_NAME = SwiftStudyProject;
			};
			name = Debug;
		};
		CB5779CA218AFD3000234157 /* Release */ = {
			isa = XCBuildConfiguration;
			buildSettings = {
				ALWAYS_EMBED_SWIFT_STANDARD_LIBRARIES = YES;
				CODE_SIGN_STYLE = Automatic;
				INFOPLIST_FILE = SwiftStudyProjectUITests/Info.plist;
				LD_RUNPATH_SEARCH_PATHS = (
					"$(inherited)",
					"@executable_path/Frameworks",
					"@loader_path/Frameworks",
				);
				PRODUCT_BUNDLE_IDENTIFIER = test.SwiftStudyProjectUITests;
				PRODUCT_NAME = "$(TARGET_NAME)";
				SWIFT_VERSION = 4.2;
				TARGETED_DEVICE_FAMILY = "1,2";
				TEST_TARGET_NAME = SwiftStudyProject;
			};
			name = Release;
		};
/* End XCBuildConfiguration section */

/* Begin XCConfigurationList section */
		CB577995218AFD2D00234157 /* Build configuration list for PBXProject "SwiftStudyProject" */ = {
			isa = XCConfigurationList;
			buildConfigurations = (
				CB5779C0218AFD3000234157 /* Debug */,
				CB5779C1218AFD3000234157 /* Release */,
			);
			defaultConfigurationIsVisible = 0;
			defaultConfigurationName = Release;
		};
		CB5779C2218AFD3000234157 /* Build configuration list for PBXNativeTarget "SwiftStudyProject" */ = {
			isa = XCConfigurationList;
			buildConfigurations = (
				CB5779C3218AFD3000234157 /* Debug */,
				CB5779C4218AFD3000234157 /* Release */,
			);
			defaultConfigurationIsVisible = 0;
			defaultConfigurationName = Release;
		};
		CB5779C5218AFD3000234157 /* Build configuration list for PBXNativeTarget "SwiftStudyProjectTests" */ = {
			isa = XCConfigurationList;
			buildConfigurations = (
				CB5779C6218AFD3000234157 /* Debug */,
				CB5779C7218AFD3000234157 /* Release */,
			);
			defaultConfigurationIsVisible = 0;
			defaultConfigurationName = Release;
		};
		CB5779C8218AFD3000234157 /* Build configuration list for PBXNativeTarget "SwiftStudyProjectUITests" */ = {
			isa = XCConfigurationList;
			buildConfigurations = (
				CB5779C9218AFD3000234157 /* Debug */,
				CB5779CA218AFD3000234157 /* Release */,
			);
			defaultConfigurationIsVisible = 0;
			defaultConfigurationName = Release;
		};
/* End XCConfigurationList section */
	};
	rootObject = CB577992218AFD2D00234157 /* Project object */;
}
